<?xml version="1.0" encoding="UTF-8" standalone="yes" ?>
<CodeBlocks_project_file>
	<FileVersion major="1" minor="6" />
	<Project>
		<Option title="lca" />
		<Option pch_mode="2" />
		<Option compiler="gcc" />
		<Build>
			<Target title="Debug">
				<Option output="bin/Debug/lca" prefix_auto="1" extension_auto="1" />
				<Option object_output="obj/Debug/" />
				<Option type="1" />
				<Option compiler="gcc" />
				<Compiler>
					<Add option="-g" />
				</Compiler>
			</Target>
			<Target title="Release">
				<Option output="bin/Release/lca" prefix_auto="1" extension_auto="1" />
				<Option object_output="obj/Release/" />
				<Option type="1" />
				<Option compiler="gcc" />
				<Compiler>
					<Add option="-O2" />
				</Compiler>
				<Linker>
					<Add option="-s" />
				</Linker>
			</Target>
		</Build>
		<Compiler>
			<Add option="-Wall" />
			<Add option="-fexceptions" />
		</Compiler>
		<Unit filename="factors.cpp" />
		<Unit filename="factors.h" />
		<Unit filename="flipflop.cpp" />
		<Unit filename="flipflop.h" />
		<Unit filename="gate.cpp" />
		<Unit filename="gate.h" />
		<Unit filename="gateelement.cpp" />
		<Unit filename="gateelement.h" />
		<Unit filename="graphcreator.cpp" />
		<Unit filename="graphcreator.h" />
		<Unit filename="library.cpp" />
		<Unit filename="library.h" />
		<Unit filename="listelement.cpp" />
		<Unit filename="listelement.h" />
		<Unit filename="main.cpp" />
		<Unit filename="menu.cpp" />
		<Unit filename="menu.h" />
		<Unit filename="signal.cpp" />
		<Unit filename="signal.h" />
		<Unit filename="signallistcreator.cpp" />
		<Unit filename="signallistcreator.h" />
		<Extensions>
			<envvars />
			<code_completion />
			<debugger />
			<lib_finder disable_auto="1" />
		</Extensions>
	</Project>
</CodeBlocks_project_file>
